
Microsoft Visual Studio Solution File, Format Version 12.00
# Visual Studio Version 17
VisualStudioVersion = 17.8.34330.188
MinimumVisualStudioVersion = 10.0.40219.1
Project("{FAE04EC0-301F-11D3-BF4B-00C04F79EFBC}") = "SkrotOchKorn", "SkrotOchKorn\SkrotOchKorn.csproj", "{EBFB7872-F778-4CA2-953D-D3155C29073E}"
EndProject
Global
	GlobalSection(SolutionConfigurationPlatforms) = preSolution
		Debug|Any CPU = Debug|Any CPU
		Release|Any CPU = Release|Any CPU
	EndGlobalSection
	GlobalSection(ProjectConfigurationPlatforms) = postSolution
		{EBFB7872-F778-4CA2-953D-D3155C29073E}.Debug|Any CPU.ActiveCfg = Debug|Any CPU
		{EBFB7872-F778-4CA2-953D-D3155C29073E}.Debug|Any CPU.Build.0 = Debug|Any CPU
		{EBFB7872-F778-4CA2-953D-D3155C29073E}.Release|Any CPU.ActiveCfg = Release|Any CPU
		{EBFB7872-F778-4CA2-953D-D3155C29073E}.Release|Any CPU.Build.0 = Release|Any CPU
	EndGlobalSection
	GlobalSection(SolutionProperties) = preSolution
		HideSolutionNode = FALSE
	EndGlobalSection
	GlobalSection(ExtensibilityGlobals) = postSolution
		SolutionGuid = {516310B1-679A-4214-856B-17495B3ED76F}
	EndGlobalSection
EndGlobal
